
Microsoft Visual Studio Solution File, Format Version 12.00
Project("{2150E333-8FDC-42A3-9474-1A3956D46DE8}") = "Common", "Common", "{821A02B0-37EB-468F-82E8-D915BF207EBD}"
EndProject
Project("{FAE04EC0-301F-11D3-BF4B-00C04F79EFBC}") = "Common.Enum", "Common\Common.Enum\Common.Enum.csproj", "{95DD9779-294D-4DFA-813C-15015B702397}"
EndProject
Project("{FAE04EC0-301F-11D3-BF4B-00C04F79EFBC}") = "Common.Persistence", "Common\Common.Persistence\Common.Persistence.csproj", "{ABC4876A-1C3B-4B73-818E-AD99C2957E59}"
EndProject
Project("{FAE04EC0-301F-11D3-BF4B-00C04F79EFBC}") = "Common.DataTransfer", "Common\Common.DataTransfer\Common.DataTransfer.csproj", "{174D98EF-ED0A-4C62-8B4F-05B36CBA12CC}"
EndProject
Project("{2150E333-8FDC-42A3-9474-1A3956D46DE8}") = "Core", "Core", "{6CF5247A-B03E-494C-883A-A234A3F4F784}"
EndProject
Project("{FAE04EC0-301F-11D3-BF4B-00C04F79EFBC}") = "Core.DAL", "Core\Core.DAL\Core.DAL.csproj", "{6416F9EC-8B75-47DE-83AB-B56AEB7A9DFE}"
EndProject
Project("{FAE04EC0-301F-11D3-BF4B-00C04F79EFBC}") = "Core.BLL", "Core\Core.BLL\Core.BLL.csproj", "{C0EBC9CF-3B35-45F5-B3BD-732608291E6D}"
EndProject
Project("{FAE04EC0-301F-11D3-BF4B-00C04F79EFBC}") = "Core.API", "Core\Core.API\Core.API.csproj", "{F38EF228-4BDE-4006-A22A-4B699B4933D2}"
EndProject
Project("{2150E333-8FDC-42A3-9474-1A3956D46DE8}") = "Loan", "Loan", "{652A8868-3AD0-4990-AF27-60E1BFB0FA8B}"
EndProject
Project("{FAE04EC0-301F-11D3-BF4B-00C04F79EFBC}") = "Loan.DAL", "Loan\Loan.DAL\Loan.DAL.csproj", "{A3E1A295-DF03-4DAA-9EDF-8D26AD988546}"
EndProject
Project("{FAE04EC0-301F-11D3-BF4B-00C04F79EFBC}") = "Loan.BLL", "Loan\Loan.BLL\Loan.BLL.csproj", "{DEB4FD39-0ECB-4FA0-A63C-425F96C675AD}"
EndProject
Project("{FAE04EC0-301F-11D3-BF4B-00C04F79EFBC}") = "Loan.API", "Loan\Loan.API\Loan.API.csproj", "{FF854F1E-9FAA-4BB6-99D7-2E985E18CE1C}"
EndProject
Project("{2150E333-8FDC-42A3-9474-1A3956D46DE8}") = "OperationHistory", "OperationHistory", "{7047C162-87FD-4270-9EE7-5A62CE0B101D}"
EndProject
Project("{FAE04EC0-301F-11D3-BF4B-00C04F79EFBC}") = "OperationHistory.API", "OperationHistory\OperationHistory.API\OperationHistory.API.csproj", "{003EF475-A31B-469D-B4DF-CBE25DDE4B44}"
EndProject
Project("{FAE04EC0-301F-11D3-BF4B-00C04F79EFBC}") = "OperationHistory.BLL", "OperationHistory\OperationHistory.BLL\OperationHistory.BLL.csproj", "{FDE73D6C-A845-4EE1-80BD-CE41D8E8757D}"
EndProject
Project("{FAE04EC0-301F-11D3-BF4B-00C04F79EFBC}") = "OperationHistory.DAL", "OperationHistory\OperationHistory.DAL\OperationHistory.DAL.csproj", "{390F1560-299C-40BF-A669-69086AED9E61}"
EndProject
Project("{2150E333-8FDC-42A3-9474-1A3956D46DE8}") = "Arbiter", "Arbiter", "{F669BD9E-10C7-470E-AE3D-8C6134DB25BA}"
EndProject
Project("{FAE04EC0-301F-11D3-BF4B-00C04F79EFBC}") = "Arbiter.DAL", "Arbiter\Arbiter.DAL\Arbiter.DAL.csproj", "{33478F76-345B-480D-9700-5D9C38983B61}"
EndProject
Project("{FAE04EC0-301F-11D3-BF4B-00C04F79EFBC}") = "Arbiter.BLL", "Arbiter\Arbiter.BLL\Arbiter.BLL.csproj", "{631E853B-E7D3-43C2-A5B8-8035C4605406}"
EndProject
Project("{FAE04EC0-301F-11D3-BF4B-00C04F79EFBC}") = "Arbiter.API", "Arbiter\Arbiter.API\Arbiter.API.csproj", "{B52C541B-423E-408D-9864-95C4F35CC8CE}"
EndProject
Project("{FAE04EC0-301F-11D3-BF4B-00C04F79EFBC}") = "Common.Auth", "Common\Common.Auth\Common.Auth.csproj", "{83450F88-146E-4C83-B42E-323BB11CCA95}"
EndProject
Project("{FAE04EC0-301F-11D3-BF4B-00C04F79EFBC}") = "Common.Exception", "Common\Common.Exception\Common.Exception.csproj", "{C9E0500A-6ED3-4892-8D94-B3F59B2ED93A}"
EndProject
Project("{FAE04EC0-301F-11D3-BF4B-00C04F79EFBC}") = "Common.Configuration", "Common\Common.Configuration\Common.Configuration.csproj", "{87A61135-83C6-4FC5-9C3B-B758E669830D}"
EndProject
Project("{2150E333-8FDC-42A3-9474-1A3956D46DE8}") = "AuthorizationServer", "AuthorizationServer", "{2318C5BE-A74B-4516-B617-F179D1AC5ED7}"
EndProject
Project("{FAE04EC0-301F-11D3-BF4B-00C04F79EFBC}") = "AuthorizationServer.API", "AuthorizationServer\AuthorizationServer.API\AuthorizationServer.API.csproj", "{7F2DC8B5-D6D1-4F0F-88F4-8A4752E96D4C}"
EndProject
Project("{FAE04EC0-301F-11D3-BF4B-00C04F79EFBC}") = "AuthorizationServer.BLL", "AuthorizationServer\AuthorizationServer.BLL\AuthorizationServer.BLL.csproj", "{4AFD051A-063E-4710-B6E4-7C7427370FBD}"
EndProject
Project("{FAE04EC0-301F-11D3-BF4B-00C04F79EFBC}") = "Tests", "Tests\Tests.csproj", "{17A60C05-0D0D-45E5-86E3-691BFE9C9A2C}"
EndProject
Project("{2150E333-8FDC-42A3-9474-1A3956D46DE8}") = "Observer", "Observer", "{AEF59750-5039-42BB-9303-73742B8C81AE}"
EndProject
Project("{FAE04EC0-301F-11D3-BF4B-00C04F79EFBC}") = "Observer.API", "Observer\Observer.API\Observer.API.csproj", "{A9388DAD-65BA-4E3B-BEFB-62D05BDCEE89}"
EndProject
Project("{FAE04EC0-301F-11D3-BF4B-00C04F79EFBC}") = "Observer.BLL", "Observer\Observer.BLL\Observer.BLL.csproj", "{50E16E85-5660-47D8-8146-296CCAFBCED0}"
EndProject
Project("{FAE04EC0-301F-11D3-BF4B-00C04F79EFBC}") = "Observer.DAL", "Observer\Observer.DAL\Observer.DAL.csproj", "{68246C38-0790-4063-9C44-9DEC98A35DDC}"
EndProject
Project("{FAE04EC0-301F-11D3-BF4B-00C04F79EFBC}") = "Common.Serilog", "Common\Common.Serilog\Common.Serilog.csproj", "{1325AD7F-93C7-4B7D-B108-532029EEC612}"
EndProject
Project("{FAE04EC0-301F-11D3-BF4B-00C04F79EFBC}") = "Common.Idempotency", "Common\Common.Idempotency\Common.Idempotency.csproj", "{6B93B254-67C1-4AD8-8F5B-4C861260F4C0}"
EndProject
Global
	GlobalSection(SolutionConfigurationPlatforms) = preSolution
		Debug|Any CPU = Debug|Any CPU
		Release|Any CPU = Release|Any CPU
	EndGlobalSection
	GlobalSection(NestedProjects) = preSolution
		{95DD9779-294D-4DFA-813C-15015B702397} = {821A02B0-37EB-468F-82E8-D915BF207EBD}
		{ABC4876A-1C3B-4B73-818E-AD99C2957E59} = {821A02B0-37EB-468F-82E8-D915BF207EBD}
		{174D98EF-ED0A-4C62-8B4F-05B36CBA12CC} = {821A02B0-37EB-468F-82E8-D915BF207EBD}
		{6416F9EC-8B75-47DE-83AB-B56AEB7A9DFE} = {6CF5247A-B03E-494C-883A-A234A3F4F784}
		{C0EBC9CF-3B35-45F5-B3BD-732608291E6D} = {6CF5247A-B03E-494C-883A-A234A3F4F784}
		{F38EF228-4BDE-4006-A22A-4B699B4933D2} = {6CF5247A-B03E-494C-883A-A234A3F4F784}
		{A3E1A295-DF03-4DAA-9EDF-8D26AD988546} = {652A8868-3AD0-4990-AF27-60E1BFB0FA8B}
		{DEB4FD39-0ECB-4FA0-A63C-425F96C675AD} = {652A8868-3AD0-4990-AF27-60E1BFB0FA8B}
		{FF854F1E-9FAA-4BB6-99D7-2E985E18CE1C} = {652A8868-3AD0-4990-AF27-60E1BFB0FA8B}
		{003EF475-A31B-469D-B4DF-CBE25DDE4B44} = {7047C162-87FD-4270-9EE7-5A62CE0B101D}
		{FDE73D6C-A845-4EE1-80BD-CE41D8E8757D} = {7047C162-87FD-4270-9EE7-5A62CE0B101D}
		{390F1560-299C-40BF-A669-69086AED9E61} = {7047C162-87FD-4270-9EE7-5A62CE0B101D}
		{33478F76-345B-480D-9700-5D9C38983B61} = {F669BD9E-10C7-470E-AE3D-8C6134DB25BA}
		{631E853B-E7D3-43C2-A5B8-8035C4605406} = {F669BD9E-10C7-470E-AE3D-8C6134DB25BA}
		{B52C541B-423E-408D-9864-95C4F35CC8CE} = {F669BD9E-10C7-470E-AE3D-8C6134DB25BA}
		{83450F88-146E-4C83-B42E-323BB11CCA95} = {821A02B0-37EB-468F-82E8-D915BF207EBD}
		{C9E0500A-6ED3-4892-8D94-B3F59B2ED93A} = {821A02B0-37EB-468F-82E8-D915BF207EBD}
		{87A61135-83C6-4FC5-9C3B-B758E669830D} = {821A02B0-37EB-468F-82E8-D915BF207EBD}
		{7F2DC8B5-D6D1-4F0F-88F4-8A4752E96D4C} = {2318C5BE-A74B-4516-B617-F179D1AC5ED7}
		{4AFD051A-063E-4710-B6E4-7C7427370FBD} = {2318C5BE-A74B-4516-B617-F179D1AC5ED7}
		{A9388DAD-65BA-4E3B-BEFB-62D05BDCEE89} = {AEF59750-5039-42BB-9303-73742B8C81AE}
		{50E16E85-5660-47D8-8146-296CCAFBCED0} = {AEF59750-5039-42BB-9303-73742B8C81AE}
		{68246C38-0790-4063-9C44-9DEC98A35DDC} = {AEF59750-5039-42BB-9303-73742B8C81AE}
		{1325AD7F-93C7-4B7D-B108-532029EEC612} = {821A02B0-37EB-468F-82E8-D915BF207EBD}
		{6B93B254-67C1-4AD8-8F5B-4C861260F4C0} = {821A02B0-37EB-468F-82E8-D915BF207EBD}
	EndGlobalSection
	GlobalSection(ProjectConfigurationPlatforms) = postSolution
		{95DD9779-294D-4DFA-813C-15015B702397}.Debug|Any CPU.ActiveCfg = Debug|Any CPU
		{95DD9779-294D-4DFA-813C-15015B702397}.Debug|Any CPU.Build.0 = Debug|Any CPU
		{95DD9779-294D-4DFA-813C-15015B702397}.Release|Any CPU.ActiveCfg = Release|Any CPU
		{95DD9779-294D-4DFA-813C-15015B702397}.Release|Any CPU.Build.0 = Release|Any CPU
		{ABC4876A-1C3B-4B73-818E-AD99C2957E59}.Debug|Any CPU.ActiveCfg = Debug|Any CPU
		{ABC4876A-1C3B-4B73-818E-AD99C2957E59}.Debug|Any CPU.Build.0 = Debug|Any CPU
		{ABC4876A-1C3B-4B73-818E-AD99C2957E59}.Release|Any CPU.ActiveCfg = Release|Any CPU
		{ABC4876A-1C3B-4B73-818E-AD99C2957E59}.Release|Any CPU.Build.0 = Release|Any CPU
		{174D98EF-ED0A-4C62-8B4F-05B36CBA12CC}.Debug|Any CPU.ActiveCfg = Debug|Any CPU
		{174D98EF-ED0A-4C62-8B4F-05B36CBA12CC}.Debug|Any CPU.Build.0 = Debug|Any CPU
		{174D98EF-ED0A-4C62-8B4F-05B36CBA12CC}.Release|Any CPU.ActiveCfg = Release|Any CPU
		{174D98EF-ED0A-4C62-8B4F-05B36CBA12CC}.Release|Any CPU.Build.0 = Release|Any CPU
		{6416F9EC-8B75-47DE-83AB-B56AEB7A9DFE}.Debug|Any CPU.ActiveCfg = Debug|Any CPU
		{6416F9EC-8B75-47DE-83AB-B56AEB7A9DFE}.Debug|Any CPU.Build.0 = Debug|Any CPU
		{6416F9EC-8B75-47DE-83AB-B56AEB7A9DFE}.Release|Any CPU.ActiveCfg = Release|Any CPU
		{6416F9EC-8B75-47DE-83AB-B56AEB7A9DFE}.Release|Any CPU.Build.0 = Release|Any CPU
		{C0EBC9CF-3B35-45F5-B3BD-732608291E6D}.Debug|Any CPU.ActiveCfg = Debug|Any CPU
		{C0EBC9CF-3B35-45F5-B3BD-732608291E6D}.Debug|Any CPU.Build.0 = Debug|Any CPU
		{C0EBC9CF-3B35-45F5-B3BD-732608291E6D}.Release|Any CPU.ActiveCfg = Release|Any CPU
		{C0EBC9CF-3B35-45F5-B3BD-732608291E6D}.Release|Any CPU.Build.0 = Release|Any CPU
		{F38EF228-4BDE-4006-A22A-4B699B4933D2}.Debug|Any CPU.ActiveCfg = Debug|Any CPU
		{F38EF228-4BDE-4006-A22A-4B699B4933D2}.Debug|Any CPU.Build.0 = Debug|Any CPU
		{F38EF228-4BDE-4006-A22A-4B699B4933D2}.Release|Any CPU.ActiveCfg = Release|Any CPU
		{F38EF228-4BDE-4006-A22A-4B699B4933D2}.Release|Any CPU.Build.0 = Release|Any CPU
		{A3E1A295-DF03-4DAA-9EDF-8D26AD988546}.Debug|Any CPU.ActiveCfg = Debug|Any CPU
		{A3E1A295-DF03-4DAA-9EDF-8D26AD988546}.Debug|Any CPU.Build.0 = Debug|Any CPU
		{A3E1A295-DF03-4DAA-9EDF-8D26AD988546}.Release|Any CPU.ActiveCfg = Release|Any CPU
		{A3E1A295-DF03-4DAA-9EDF-8D26AD988546}.Release|Any CPU.Build.0 = Release|Any CPU
		{DEB4FD39-0ECB-4FA0-A63C-425F96C675AD}.Debug|Any CPU.ActiveCfg = Debug|Any CPU
		{DEB4FD39-0ECB-4FA0-A63C-425F96C675AD}.Debug|Any CPU.Build.0 = Debug|Any CPU
		{DEB4FD39-0ECB-4FA0-A63C-425F96C675AD}.Release|Any CPU.ActiveCfg = Release|Any CPU
		{DEB4FD39-0ECB-4FA0-A63C-425F96C675AD}.Release|Any CPU.Build.0 = Release|Any CPU
		{FF854F1E-9FAA-4BB6-99D7-2E985E18CE1C}.Debug|Any CPU.ActiveCfg = Debug|Any CPU
		{FF854F1E-9FAA-4BB6-99D7-2E985E18CE1C}.Debug|Any CPU.Build.0 = Debug|Any CPU
		{FF854F1E-9FAA-4BB6-99D7-2E985E18CE1C}.Release|Any CPU.ActiveCfg = Release|Any CPU
		{FF854F1E-9FAA-4BB6-99D7-2E985E18CE1C}.Release|Any CPU.Build.0 = Release|Any CPU
		{003EF475-A31B-469D-B4DF-CBE25DDE4B44}.Debug|Any CPU.ActiveCfg = Debug|Any CPU
		{003EF475-A31B-469D-B4DF-CBE25DDE4B44}.Debug|Any CPU.Build.0 = Debug|Any CPU
		{003EF475-A31B-469D-B4DF-CBE25DDE4B44}.Release|Any CPU.ActiveCfg = Release|Any CPU
		{003EF475-A31B-469D-B4DF-CBE25DDE4B44}.Release|Any CPU.Build.0 = Release|Any CPU
		{FDE73D6C-A845-4EE1-80BD-CE41D8E8757D}.Debug|Any CPU.ActiveCfg = Debug|Any CPU
		{FDE73D6C-A845-4EE1-80BD-CE41D8E8757D}.Debug|Any CPU.Build.0 = Debug|Any CPU
		{FDE73D6C-A845-4EE1-80BD-CE41D8E8757D}.Release|Any CPU.ActiveCfg = Release|Any CPU
		{FDE73D6C-A845-4EE1-80BD-CE41D8E8757D}.Release|Any CPU.Build.0 = Release|Any CPU
		{390F1560-299C-40BF-A669-69086AED9E61}.Debug|Any CPU.ActiveCfg = Debug|Any CPU
		{390F1560-299C-40BF-A669-69086AED9E61}.Debug|Any CPU.Build.0 = Debug|Any CPU
		{390F1560-299C-40BF-A669-69086AED9E61}.Release|Any CPU.ActiveCfg = Release|Any CPU
		{390F1560-299C-40BF-A669-69086AED9E61}.Release|Any CPU.Build.0 = Release|Any CPU
		{FDFEA110-F613-4BD4-B21F-4B89BA7E6401}.Debug|Any CPU.ActiveCfg = Debug|Any CPU
		{FDFEA110-F613-4BD4-B21F-4B89BA7E6401}.Debug|Any CPU.Build.0 = Debug|Any CPU
		{FDFEA110-F613-4BD4-B21F-4B89BA7E6401}.Release|Any CPU.ActiveCfg = Release|Any CPU
		{FDFEA110-F613-4BD4-B21F-4B89BA7E6401}.Release|Any CPU.Build.0 = Release|Any CPU
		{1C13EF57-C0F0-4031-99D8-C44C084DFE6B}.Debug|Any CPU.ActiveCfg = Debug|Any CPU
		{1C13EF57-C0F0-4031-99D8-C44C084DFE6B}.Debug|Any CPU.Build.0 = Debug|Any CPU
		{1C13EF57-C0F0-4031-99D8-C44C084DFE6B}.Release|Any CPU.ActiveCfg = Release|Any CPU
		{1C13EF57-C0F0-4031-99D8-C44C084DFE6B}.Release|Any CPU.Build.0 = Release|Any CPU
		{9BC7DE34-8034-4CA1-8B84-CD69FDD3C273}.Debug|Any CPU.ActiveCfg = Debug|Any CPU
		{9BC7DE34-8034-4CA1-8B84-CD69FDD3C273}.Debug|Any CPU.Build.0 = Debug|Any CPU
		{9BC7DE34-8034-4CA1-8B84-CD69FDD3C273}.Release|Any CPU.ActiveCfg = Release|Any CPU
		{9BC7DE34-8034-4CA1-8B84-CD69FDD3C273}.Release|Any CPU.Build.0 = Release|Any CPU
		{33478F76-345B-480D-9700-5D9C38983B61}.Debug|Any CPU.ActiveCfg = Debug|Any CPU
		{33478F76-345B-480D-9700-5D9C38983B61}.Debug|Any CPU.Build.0 = Debug|Any CPU
		{33478F76-345B-480D-9700-5D9C38983B61}.Release|Any CPU.ActiveCfg = Release|Any CPU
		{33478F76-345B-480D-9700-5D9C38983B61}.Release|Any CPU.Build.0 = Release|Any CPU
		{631E853B-E7D3-43C2-A5B8-8035C4605406}.Debug|Any CPU.ActiveCfg = Debug|Any CPU
		{631E853B-E7D3-43C2-A5B8-8035C4605406}.Debug|Any CPU.Build.0 = Debug|Any CPU
		{631E853B-E7D3-43C2-A5B8-8035C4605406}.Release|Any CPU.ActiveCfg = Release|Any CPU
		{631E853B-E7D3-43C2-A5B8-8035C4605406}.Release|Any CPU.Build.0 = Release|Any CPU
		{B52C541B-423E-408D-9864-95C4F35CC8CE}.Debug|Any CPU.ActiveCfg = Debug|Any CPU
		{B52C541B-423E-408D-9864-95C4F35CC8CE}.Debug|Any CPU.Build.0 = Debug|Any CPU
		{B52C541B-423E-408D-9864-95C4F35CC8CE}.Release|Any CPU.ActiveCfg = Release|Any CPU
		{B52C541B-423E-408D-9864-95C4F35CC8CE}.Release|Any CPU.Build.0 = Release|Any CPU
		{83450F88-146E-4C83-B42E-323BB11CCA95}.Debug|Any CPU.ActiveCfg = Debug|Any CPU
		{83450F88-146E-4C83-B42E-323BB11CCA95}.Debug|Any CPU.Build.0 = Debug|Any CPU
		{83450F88-146E-4C83-B42E-323BB11CCA95}.Release|Any CPU.ActiveCfg = Release|Any CPU
		{83450F88-146E-4C83-B42E-323BB11CCA95}.Release|Any CPU.Build.0 = Release|Any CPU
		{C9E0500A-6ED3-4892-8D94-B3F59B2ED93A}.Debug|Any CPU.ActiveCfg = Debug|Any CPU
		{C9E0500A-6ED3-4892-8D94-B3F59B2ED93A}.Debug|Any CPU.Build.0 = Debug|Any CPU
		{C9E0500A-6ED3-4892-8D94-B3F59B2ED93A}.Release|Any CPU.ActiveCfg = Release|Any CPU
		{C9E0500A-6ED3-4892-8D94-B3F59B2ED93A}.Release|Any CPU.Build.0 = Release|Any CPU
		{87A61135-83C6-4FC5-9C3B-B758E669830D}.Debug|Any CPU.ActiveCfg = Debug|Any CPU
		{87A61135-83C6-4FC5-9C3B-B758E669830D}.Debug|Any CPU.Build.0 = Debug|Any CPU
		{87A61135-83C6-4FC5-9C3B-B758E669830D}.Release|Any CPU.ActiveCfg = Release|Any CPU
		{87A61135-83C6-4FC5-9C3B-B758E669830D}.Release|Any CPU.Build.0 = Release|Any CPU
		{7F2DC8B5-D6D1-4F0F-88F4-8A4752E96D4C}.Debug|Any CPU.ActiveCfg = Debug|Any CPU
		{7F2DC8B5-D6D1-4F0F-88F4-8A4752E96D4C}.Debug|Any CPU.Build.0 = Debug|Any CPU
		{7F2DC8B5-D6D1-4F0F-88F4-8A4752E96D4C}.Release|Any CPU.ActiveCfg = Release|Any CPU
		{7F2DC8B5-D6D1-4F0F-88F4-8A4752E96D4C}.Release|Any CPU.Build.0 = Release|Any CPU
		{4AFD051A-063E-4710-B6E4-7C7427370FBD}.Debug|Any CPU.ActiveCfg = Debug|Any CPU
		{4AFD051A-063E-4710-B6E4-7C7427370FBD}.Debug|Any CPU.Build.0 = Debug|Any CPU
		{4AFD051A-063E-4710-B6E4-7C7427370FBD}.Release|Any CPU.ActiveCfg = Release|Any CPU
		{4AFD051A-063E-4710-B6E4-7C7427370FBD}.Release|Any CPU.Build.0 = Release|Any CPU
		{17A60C05-0D0D-45E5-86E3-691BFE9C9A2C}.Debug|Any CPU.ActiveCfg = Debug|Any CPU
		{17A60C05-0D0D-45E5-86E3-691BFE9C9A2C}.Debug|Any CPU.Build.0 = Debug|Any CPU
		{17A60C05-0D0D-45E5-86E3-691BFE9C9A2C}.Release|Any CPU.ActiveCfg = Release|Any CPU
		{17A60C05-0D0D-45E5-86E3-691BFE9C9A2C}.Release|Any CPU.Build.0 = Release|Any CPU
		{A9388DAD-65BA-4E3B-BEFB-62D05BDCEE89}.Debug|Any CPU.ActiveCfg = Debug|Any CPU
		{A9388DAD-65BA-4E3B-BEFB-62D05BDCEE89}.Debug|Any CPU.Build.0 = Debug|Any CPU
		{A9388DAD-65BA-4E3B-BEFB-62D05BDCEE89}.Release|Any CPU.ActiveCfg = Release|Any CPU
		{A9388DAD-65BA-4E3B-BEFB-62D05BDCEE89}.Release|Any CPU.Build.0 = Release|Any CPU
		{50E16E85-5660-47D8-8146-296CCAFBCED0}.Debug|Any CPU.ActiveCfg = Debug|Any CPU
		{50E16E85-5660-47D8-8146-296CCAFBCED0}.Debug|Any CPU.Build.0 = Debug|Any CPU
		{50E16E85-5660-47D8-8146-296CCAFBCED0}.Release|Any CPU.ActiveCfg = Release|Any CPU
		{50E16E85-5660-47D8-8146-296CCAFBCED0}.Release|Any CPU.Build.0 = Release|Any CPU
		{68246C38-0790-4063-9C44-9DEC98A35DDC}.Debug|Any CPU.ActiveCfg = Debug|Any CPU
		{68246C38-0790-4063-9C44-9DEC98A35DDC}.Debug|Any CPU.Build.0 = Debug|Any CPU
		{68246C38-0790-4063-9C44-9DEC98A35DDC}.Release|Any CPU.ActiveCfg = Release|Any CPU
		{68246C38-0790-4063-9C44-9DEC98A35DDC}.Release|Any CPU.Build.0 = Release|Any CPU
		{1325AD7F-93C7-4B7D-B108-532029EEC612}.Debug|Any CPU.ActiveCfg = Debug|Any CPU
		{1325AD7F-93C7-4B7D-B108-532029EEC612}.Debug|Any CPU.Build.0 = Debug|Any CPU
		{1325AD7F-93C7-4B7D-B108-532029EEC612}.Release|Any CPU.ActiveCfg = Release|Any CPU
		{1325AD7F-93C7-4B7D-B108-532029EEC612}.Release|Any CPU.Build.0 = Release|Any CPU
		{6B93B254-67C1-4AD8-8F5B-4C861260F4C0}.Debug|Any CPU.ActiveCfg = Debug|Any CPU
		{6B93B254-67C1-4AD8-8F5B-4C861260F4C0}.Debug|Any CPU.Build.0 = Debug|Any CPU
		{6B93B254-67C1-4AD8-8F5B-4C861260F4C0}.Release|Any CPU.ActiveCfg = Release|Any CPU
		{6B93B254-67C1-4AD8-8F5B-4C861260F4C0}.Release|Any CPU.Build.0 = Release|Any CPU
	EndGlobalSection
EndGlobal
