
Microsoft Visual Studio Solution File, Format Version 12.00
Project("{2150E333-8FDC-42A3-9474-1A3956D46DE8}") = "Common", "Common", "{821A02B0-37EB-468F-82E8-D915BF207EBD}"
EndProject
Project("{FAE04EC0-301F-11D3-BF4B-00C04F79EFBC}") = "Common.Enum", "Common\Common.Enum\Common.Enum.csproj", "{95DD9779-294D-4DFA-813C-15015B702397}"
EndProject
Project("{FAE04EC0-301F-11D3-BF4B-00C04F79EFBC}") = "Common.Persistence", "Common\Common.Persistence\Common.Persistence.csproj", "{ABC4876A-1C3B-4B73-818E-AD99C2957E59}"
EndProject
Project("{FAE04EC0-301F-11D3-BF4B-00C04F79EFBC}") = "Common.DataTransfer", "Common\Common.DataTransfer\Common.DataTransfer.csproj", "{174D98EF-ED0A-4C62-8B4F-05B36CBA12CC}"
EndProject
Project("{2150E333-8FDC-42A3-9474-1A3956D46DE8}") = "Core", "Core", "{6CF5247A-B03E-494C-883A-A234A3F4F784}"
EndProject
Project("{FAE04EC0-301F-11D3-BF4B-00C04F79EFBC}") = "Core.DAL", "Core\Core.DAL\Core.DAL.csproj", "{6416F9EC-8B75-47DE-83AB-B56AEB7A9DFE}"
EndProject
Project("{FAE04EC0-301F-11D3-BF4B-00C04F79EFBC}") = "Core.BLL", "Core\Core.BLL\Core.BLL.csproj", "{C0EBC9CF-3B35-45F5-B3BD-732608291E6D}"
EndProject
Project("{FAE04EC0-301F-11D3-BF4B-00C04F79EFBC}") = "Core.API", "Core\Core.API\Core.API.csproj", "{F38EF228-4BDE-4006-A22A-4B699B4933D2}"
EndProject
Project("{2150E333-8FDC-42A3-9474-1A3956D46DE8}") = "Loan", "Loan", "{652A8868-3AD0-4990-AF27-60E1BFB0FA8B}"
EndProject
Project("{FAE04EC0-301F-11D3-BF4B-00C04F79EFBC}") = "Loan.DAL", "Loan\Loan.DAL\Loan.DAL.csproj", "{A3E1A295-DF03-4DAA-9EDF-8D26AD988546}"
EndProject
Project("{FAE04EC0-301F-11D3-BF4B-00C04F79EFBC}") = "Loan.BLL", "Loan\Loan.BLL\Loan.BLL.csproj", "{DEB4FD39-0ECB-4FA0-A63C-425F96C675AD}"
EndProject
Project("{FAE04EC0-301F-11D3-BF4B-00C04F79EFBC}") = "Loan.API", "Loan\Loan.API\Loan.API.csproj", "{FF854F1E-9FAA-4BB6-99D7-2E985E18CE1C}"
EndProject
Global
	GlobalSection(SolutionConfigurationPlatforms) = preSolution
		Debug|Any CPU = Debug|Any CPU
		Release|Any CPU = Release|Any CPU
	EndGlobalSection
	GlobalSection(NestedProjects) = preSolution
		{95DD9779-294D-4DFA-813C-15015B702397} = {821A02B0-37EB-468F-82E8-D915BF207EBD}
		{ABC4876A-1C3B-4B73-818E-AD99C2957E59} = {821A02B0-37EB-468F-82E8-D915BF207EBD}
		{174D98EF-ED0A-4C62-8B4F-05B36CBA12CC} = {821A02B0-37EB-468F-82E8-D915BF207EBD}
		{6416F9EC-8B75-47DE-83AB-B56AEB7A9DFE} = {6CF5247A-B03E-494C-883A-A234A3F4F784}
		{C0EBC9CF-3B35-45F5-B3BD-732608291E6D} = {6CF5247A-B03E-494C-883A-A234A3F4F784}
		{F38EF228-4BDE-4006-A22A-4B699B4933D2} = {6CF5247A-B03E-494C-883A-A234A3F4F784}
		{A3E1A295-DF03-4DAA-9EDF-8D26AD988546} = {652A8868-3AD0-4990-AF27-60E1BFB0FA8B}
		{DEB4FD39-0ECB-4FA0-A63C-425F96C675AD} = {652A8868-3AD0-4990-AF27-60E1BFB0FA8B}
		{FF854F1E-9FAA-4BB6-99D7-2E985E18CE1C} = {652A8868-3AD0-4990-AF27-60E1BFB0FA8B}
	EndGlobalSection
	GlobalSection(ProjectConfigurationPlatforms) = postSolution
		{95DD9779-294D-4DFA-813C-15015B702397}.Debug|Any CPU.ActiveCfg = Debug|Any CPU
		{95DD9779-294D-4DFA-813C-15015B702397}.Debug|Any CPU.Build.0 = Debug|Any CPU
		{95DD9779-294D-4DFA-813C-15015B702397}.Release|Any CPU.ActiveCfg = Release|Any CPU
		{95DD9779-294D-4DFA-813C-15015B702397}.Release|Any CPU.Build.0 = Release|Any CPU
		{ABC4876A-1C3B-4B73-818E-AD99C2957E59}.Debug|Any CPU.ActiveCfg = Debug|Any CPU
		{ABC4876A-1C3B-4B73-818E-AD99C2957E59}.Debug|Any CPU.Build.0 = Debug|Any CPU
		{ABC4876A-1C3B-4B73-818E-AD99C2957E59}.Release|Any CPU.ActiveCfg = Release|Any CPU
		{ABC4876A-1C3B-4B73-818E-AD99C2957E59}.Release|Any CPU.Build.0 = Release|Any CPU
		{174D98EF-ED0A-4C62-8B4F-05B36CBA12CC}.Debug|Any CPU.ActiveCfg = Debug|Any CPU
		{174D98EF-ED0A-4C62-8B4F-05B36CBA12CC}.Debug|Any CPU.Build.0 = Debug|Any CPU
		{174D98EF-ED0A-4C62-8B4F-05B36CBA12CC}.Release|Any CPU.ActiveCfg = Release|Any CPU
		{174D98EF-ED0A-4C62-8B4F-05B36CBA12CC}.Release|Any CPU.Build.0 = Release|Any CPU
		{6416F9EC-8B75-47DE-83AB-B56AEB7A9DFE}.Debug|Any CPU.ActiveCfg = Debug|Any CPU
		{6416F9EC-8B75-47DE-83AB-B56AEB7A9DFE}.Debug|Any CPU.Build.0 = Debug|Any CPU
		{6416F9EC-8B75-47DE-83AB-B56AEB7A9DFE}.Release|Any CPU.ActiveCfg = Release|Any CPU
		{6416F9EC-8B75-47DE-83AB-B56AEB7A9DFE}.Release|Any CPU.Build.0 = Release|Any CPU
		{C0EBC9CF-3B35-45F5-B3BD-732608291E6D}.Debug|Any CPU.ActiveCfg = Debug|Any CPU
		{C0EBC9CF-3B35-45F5-B3BD-732608291E6D}.Debug|Any CPU.Build.0 = Debug|Any CPU
		{C0EBC9CF-3B35-45F5-B3BD-732608291E6D}.Release|Any CPU.ActiveCfg = Release|Any CPU
		{C0EBC9CF-3B35-45F5-B3BD-732608291E6D}.Release|Any CPU.Build.0 = Release|Any CPU
		{F38EF228-4BDE-4006-A22A-4B699B4933D2}.Debug|Any CPU.ActiveCfg = Debug|Any CPU
		{F38EF228-4BDE-4006-A22A-4B699B4933D2}.Debug|Any CPU.Build.0 = Debug|Any CPU
		{F38EF228-4BDE-4006-A22A-4B699B4933D2}.Release|Any CPU.ActiveCfg = Release|Any CPU
		{F38EF228-4BDE-4006-A22A-4B699B4933D2}.Release|Any CPU.Build.0 = Release|Any CPU
		{A3E1A295-DF03-4DAA-9EDF-8D26AD988546}.Debug|Any CPU.ActiveCfg = Debug|Any CPU
		{A3E1A295-DF03-4DAA-9EDF-8D26AD988546}.Debug|Any CPU.Build.0 = Debug|Any CPU
		{A3E1A295-DF03-4DAA-9EDF-8D26AD988546}.Release|Any CPU.ActiveCfg = Release|Any CPU
		{A3E1A295-DF03-4DAA-9EDF-8D26AD988546}.Release|Any CPU.Build.0 = Release|Any CPU
		{DEB4FD39-0ECB-4FA0-A63C-425F96C675AD}.Debug|Any CPU.ActiveCfg = Debug|Any CPU
		{DEB4FD39-0ECB-4FA0-A63C-425F96C675AD}.Debug|Any CPU.Build.0 = Debug|Any CPU
		{DEB4FD39-0ECB-4FA0-A63C-425F96C675AD}.Release|Any CPU.ActiveCfg = Release|Any CPU
		{DEB4FD39-0ECB-4FA0-A63C-425F96C675AD}.Release|Any CPU.Build.0 = Release|Any CPU
		{FF854F1E-9FAA-4BB6-99D7-2E985E18CE1C}.Debug|Any CPU.ActiveCfg = Debug|Any CPU
		{FF854F1E-9FAA-4BB6-99D7-2E985E18CE1C}.Debug|Any CPU.Build.0 = Debug|Any CPU
		{FF854F1E-9FAA-4BB6-99D7-2E985E18CE1C}.Release|Any CPU.ActiveCfg = Release|Any CPU
		{FF854F1E-9FAA-4BB6-99D7-2E985E18CE1C}.Release|Any CPU.Build.0 = Release|Any CPU
	EndGlobalSection
EndGlobal
